# This file is automatically @generated by Poetry 2.2.1 and should not be changed by hand.

[[package]]
name = "anyio"
version = "4.12.1"
description = "High-level concurrency and networking framework on top of asyncio or Trio"
optional = false
python-versions = ">=3.9"
groups = ["main"]
files = [
    {file = "anyio-4.12.1-py3-none-any.whl", hash = "sha256:d405828884fc140aa80a3c667b8beed277f1dfedec42ba031bd6ac3db606ab6c"},
    {file = "anyio-4.12.1.tar.gz", hash = "sha256:41cfcc3a4c85d3f05c932da7c26d0201ac36f72abd4435ba90d0464a3ffed703"},
]

[package.dependencies]
idna = ">=2.8"

[package.extras]
trio = ["trio (>=0.31.0) ; python_version < \"3.10\"", "trio (>=0.32.0) ; python_version >= \"3.10\""]

[[package]]
name = "asgiref"
version = "3.11.0"
description = "ASGI specs, helper code, and adapters"
optional = false
python-versions = ">=3.9"
groups = ["main"]
files = [
    {file = "asgiref-3.11.0-py3-none-any.whl", hash = "sha256:1db9021efadb0d9512ce8ffaf72fcef601c7b73a8807a1bb2ef143dc6b14846d"},
    {file = "asgiref-3.11.0.tar.gz", hash = "sha256:13acff32519542a1736223fb79a715acdebe24286d98e8b164a73085f40da2c4"},
]

[package.extras]
tests = ["mypy (>=1.14.0)", "pytest", "pytest-asyncio"]

[[package]]
name = "certifi"
version = "2026.1.4"
description = "Python package for providing Mozilla's CA Bundle."
optional = false
python-versions = ">=3.7"
groups = ["main"]
files = [
    {file = "certifi-2026.1.4-py3-none-any.whl", hash = "sha256:9943707519e4add1115f44c2bc244f782c0249876bf51b6599fee1ffbedd685c"},
    {file = "certifi-2026.1.4.tar.gz", hash = "sha256:ac726dd470482006e014ad384921ed6438c457018f4b3d204aea4281258b2120"},
]

[[package]]
name = "crispy-bootstrap5"
version = "2025.6"
description = "Bootstrap5 template pack for django-crispy-forms"
optional = false
python-versions = ">=3.8"
groups = ["main"]
files = [
    {file = "crispy_bootstrap5-2025.6-py3-none-any.whl", hash = "sha256:a343aa128b4383f35f00295b94de2b10862f2a4f24eda21fa6ead45234c07050"},
    {file = "crispy_bootstrap5-2025.6.tar.gz", hash = "sha256:f1bde7cac074c650fc82f31777d4a4cfd0df2512c68bc4128f259c75d3daada4"},
]

[package.dependencies]
django = ">=4.2"
django-crispy-forms = ">=2.3"

[package.extras]
test = ["pytest", "pytest-django"]

[[package]]
name = "django"
version = "6.0.1"
description = "A high-level Python web framework that encourages rapid development and clean, pragmatic design."
optional = false
python-versions = ">=3.12"
groups = ["main"]
files = [
    {file = "django-6.0.1-py3-none-any.whl", hash = "sha256:a92a4ff14f664a896f9849009cb8afaca7abe0d6fc53325f3d1895a15253433d"},
    {file = "django-6.0.1.tar.gz", hash = "sha256:ed76a7af4da21551573b3d9dfc1f53e20dd2e6c7d70a3adc93eedb6338130a5f"},
]

[package.dependencies]
asgiref = ">=3.9.1"
sqlparse = ">=0.5.0"
tzdata = {version = "*", markers = "sys_platform == \"win32\""}

[package.extras]
argon2 = ["argon2-cffi (>=23.1.0)"]
bcrypt = ["bcrypt (>=4.1.1)"]

[[package]]
name = "django-allauth"
version = "65.14.0"
description = "Integrated set of Django applications addressing authentication, registration, account management as well as 3rd party (social) account authentication."
optional = false
python-versions = ">=3.8"
groups = ["main"]
files = [
    {file = "django_allauth-65.14.0-py3-none-any.whl", hash = "sha256:448f5f7877f95fcbe1657256510fe7822d7871f202521a29e23ef937f3325a97"},
    {file = "django_allauth-65.14.0.tar.gz", hash = "sha256:5529227aba2b1377d900e9274a3f24496c645e65400fbae3cad5789944bc4d0b"},
]

[package.dependencies]
asgiref = ">=3.8.1"
Django = ">=4.2.16"

[package.extras]
headless = ["pyjwt[crypto] (>=2.0,<3)"]
headless-spec = ["PyYAML (>=6,<7)"]
idp-oidc = ["oauthlib (>=3.3.0,<4)", "pyjwt[crypto] (>=2.0,<3)"]
mfa = ["fido2 (>=1.1.2,<3)", "qrcode (>=7.0.0,<9)"]
openid = ["python3-openid (>=3.0.8,<4)"]
saml = ["python3-saml (>=1.15.0,<2.0.0)"]
socialaccount = ["oauthlib (>=3.3.0,<4)", "pyjwt[crypto] (>=2.0,<3)", "requests (>=2.0.0,<3)"]
steam = ["python3-openid (>=3.0.8,<4)"]

[[package]]
name = "django-auditlog"
version = "3.4.1"
description = "Audit log app for Django"
optional = false
python-versions = ">=3.10"
groups = ["main"]
files = [
    {file = "django_auditlog-3.4.1-py3-none-any.whl", hash = "sha256:29958ecacfee00144127214f3ccef3f0c203c3659bcb6dd404a0f3d5551a10a5"},
    {file = "django_auditlog-3.4.1.tar.gz", hash = "sha256:ad07b9db452d5fa8303822cccd78cd3fcb2c2863aeb6abe039ec45739b4d7e33"},
]

[package.dependencies]
Django = ">=4.2"
python-dateutil = ">=2.7.0"

[[package]]
name = "django-bootstrap5"
version = "26.1"
description = "Bootstrap 5 for Django"
optional = false
python-versions = ">=3.10"
groups = ["main"]
files = [
    {file = "django_bootstrap5-26.1-py3-none-any.whl", hash = "sha256:c6aa8aa8f6577996985c2b2dd9058984ad3a22cb363f3f185a65fdca40c3ace5"},
    {file = "django_bootstrap5-26.1.tar.gz", hash = "sha256:cd4565143403e097a553a0418d036113e1e9bba35ca8e7c1830ad78c0f1be849"},
]

[package.dependencies]
django = ">=4.2"

[package.extras]
jinja = ["jinja2 (>=3.0,<4)"]

[[package]]
name = "django-crispy-forms"
version = "2.5"
description = "Best way to have Django DRY forms"
optional = false
python-versions = ">=3.9"
groups = ["main"]
files = [
    {file = "django_crispy_forms-2.5-py3-none-any.whl", hash = "sha256:adc99d5901baca09479c53bf536b3909e80a9f2bb299438a223de4c106ebf1f9"},
    {file = "django_crispy_forms-2.5.tar.gz", hash = "sha256:066e72a8f152a1334f1c811cc37740868efe3265e5a218f79079ef89f848c3d8"},
]

[package.dependencies]
django = ">=4.2"

[[package]]
name = "h11"
version = "0.16.0"
description = "A pure-Python, bring-your-own-I/O implementation of HTTP/1.1"
optional = false
python-versions = ">=3.8"
groups = ["main"]
files = [
    {file = "h11-0.16.0-py3-none-any.whl", hash = "sha256:63cf8bbe7522de3bf65932fda1d9c2772064ffb3dae62d55932da54b31cb6c86"},
    {file = "h11-0.16.0.tar.gz", hash = "sha256:4e35b956cf45792e4caa5885e69fba00bdbc6ffafbfa020300e549b208ee5ff1"},
]

[[package]]
name = "haversine"
version = "2.9.0"
description = "Calculate the distance between 2 points on Earth."
optional = false
python-versions = ">=3.5"
groups = ["main"]
files = [
    {file = "haversine-2.9.0-py2.py3-none-any.whl", hash = "sha256:d32031b6b4232e37764730a781a3b8cb248710f92aca6f553b8097524420754d"},
    {file = "haversine-2.9.0.tar.gz", hash = "sha256:1103d7e1f0f108c25b31b63452c54d9d6f29389a70de7dd75fd4b908329b6fcf"},
]

[[package]]
name = "httpcore"
version = "1.0.9"
description = "A minimal low-level HTTP client."
optional = false
python-versions = ">=3.8"
groups = ["main"]
files = [
    {file = "httpcore-1.0.9-py3-none-any.whl", hash = "sha256:2d400746a40668fc9dec9810239072b40b4484b640a8c38fd654a024c7a1bf55"},
    {file = "httpcore-1.0.9.tar.gz", hash = "sha256:6e34463af53fd2ab5d807f399a9b45ea31c3dfa2276f15a2c3f00afff6e176e8"},
]

[package.dependencies]
certifi = "*"
h11 = ">=0.16"

[package.extras]
asyncio = ["anyio (>=4.0,<5.0)"]
http2 = ["h2 (>=3,<5)"]
socks = ["socksio (==1.*)"]
trio = ["trio (>=0.22.0,<1.0)"]

[[package]]
name = "httpx"
version = "0.28.1"
description = "The next generation HTTP client."
optional = false
python-versions = ">=3.8"
groups = ["main"]
files = [
    {file = "httpx-0.28.1-py3-none-any.whl", hash = "sha256:d909fcccc110f8c7faf814ca82a9a4d816bc5a6dbfea25d6591d6985b8ba59ad"},
    {file = "httpx-0.28.1.tar.gz", hash = "sha256:75e98c5f16b0f35b567856f597f06ff2270a374470a5c2392242528e3e3e42fc"},
]

[package.dependencies]
anyio = "*"
certifi = "*"
httpcore = "==1.*"
idna = "*"

[package.extras]
brotli = ["brotli ; platform_python_implementation == \"CPython\"", "brotlicffi ; platform_python_implementation != \"CPython\""]
cli = ["click (==8.*)", "pygments (==2.*)", "rich (>=10,<14)"]
http2 = ["h2 (>=3,<5)"]
socks = ["socksio (==1.*)"]
zstd = ["zstandard (>=0.18.0)"]

[[package]]
name = "idna"
version = "3.11"
description = "Internationalized Domain Names in Applications (IDNA)"
optional = false
python-versions = ">=3.8"
groups = ["main"]
files = [
    {file = "idna-3.11-py3-none-any.whl", hash = "sha256:771a87f49d9defaf64091e6e6fe9c18d4833f140bd19464795bc32d966ca37ea"},
    {file = "idna-3.11.tar.gz", hash = "sha256:795dafcc9c04ed0c1fb032c2aa73654d8e8c5023a7df64a53f39190ada629902"},
]

[package.extras]
all = ["flake8 (>=7.1.1)", "mypy (>=1.11.2)", "pytest (>=8.3.2)", "ruff (>=0.6.2)"]

[[package]]
name = "python-dateutil"
version = "2.9.0.post0"
description = "Extensions to the standard Python datetime module"
optional = false
python-versions = "!=3.0.*,!=3.1.*,!=3.2.*,>=2.7"
groups = ["main"]
files = [
    {file = "python-dateutil-2.9.0.post0.tar.gz", hash = "sha256:37dd54208da7e1cd875388217d5e00ebd4179249f90fb72437e91a35459a0ad3"},
    {file = "python_dateutil-2.9.0.post0-py2.py3-none-any.whl", hash = "sha256:a8b2bc7bffae282281c8140a97d3aa9c14da0b136dfe83f850eea9a5f7470427"},
]

[package.dependencies]
six = ">=1.5"

[[package]]
name = "six"
version = "1.17.0"
description = "Python 2 and 3 compatibility utilities"
optional = false
python-versions = "!=3.0.*,!=3.1.*,!=3.2.*,>=2.7"
groups = ["main"]
files = [
    {file = "six-1.17.0-py2.py3-none-any.whl", hash = "sha256:4721f391ed90541fddacab5acf947aa0d3dc7d27b2e1e8eda2be8970586c3274"},
    {file = "six-1.17.0.tar.gz", hash = "sha256:ff70335d468e7eb6ec65b95b99d3a2836546063f63acc5171de367e834932a81"},
]

[[package]]
name = "sqlparse"
version = "0.5.5"
description = "A non-validating SQL parser."
optional = false
python-versions = ">=3.8"
groups = ["main"]
files = [
    {file = "sqlparse-0.5.5-py3-none-any.whl", hash = "sha256:12a08b3bf3eec877c519589833aed092e2444e68240a3577e8e26148acc7b1ba"},
    {file = "sqlparse-0.5.5.tar.gz", hash = "sha256:e20d4a9b0b8585fdf63b10d30066c7c94c5d7a7ec47c889a2d83a3caa93ff28e"},
]

[package.extras]
dev = ["build"]
doc = ["sphinx"]

[[package]]
name = "tzdata"
version = "2025.3"
description = "Provider of IANA time zone data"
optional = false
python-versions = ">=2"
groups = ["main"]
markers = "sys_platform == \"win32\""
files = [
    {file = "tzdata-2025.3-py2.py3-none-any.whl", hash = "sha256:06a47e5700f3081aab02b2e513160914ff0694bce9947d6b76ebd6bf57cfc5d1"},
    {file = "tzdata-2025.3.tar.gz", hash = "sha256:de39c2ca5dc7b0344f2eba86f49d614019d29f060fc4ebc8a417896a620b56a7"},
]

[metadata]
lock-version = "2.1"
python-versions = ">=3.14"
content-hash = "eaeed56c0629d85bf1d240a0509534cd6c7378181fe1c061e243d09e591b30e0"
